// !$*UTF8*$!
{
	archiveVersion = 1;
	classes = {
	};
	objectVersion = 77;
	objects = {

/* Begin PBXBuildFile section */
		58A20A8B2DBB4C2300680822 /* SnapKit in Frameworks */ = {isa = PBXBuildFile; productRef = 58A20A8A2DBB4C2300680822 /* SnapKit */; };
		58A20A8E2DBB4C8800680822 /* RxCocoa in Frameworks */ = {isa = PBXBuildFile; productRef = 58A20A8D2DBB4C8800680822 /* RxCocoa */; };
		58A20A902DBB4C8800680822 /* RxRelay in Frameworks */ = {isa = PBXBuildFile; productRef = 58A20A8F2DBB4C8800680822 /* RxRelay */; };
		58A20A922DBB4C8800680822 /* RxSwift in Frameworks */ = {isa = PBXBuildFile; productRef = 58A20A912DBB4C8800680822 /* RxSwift */; };
		58A20A9C2DBB4CFE00680822 /* .swiftlint.yml in Resources */ = {isa = PBXBuildFile; fileRef = 58A20A9A2DBB4CFE00680822 /* .swiftlint.yml */; };
		58A20A9D2DBB4CFE00680822 /* README.md in Resources */ = {isa = PBXBuildFile; fileRef = 58A20A9B2DBB4CFE00680822 /* README.md */; };
		58A20A9E2DBB4CFE00680822 /* .swiftformat in Resources */ = {isa = PBXBuildFile; fileRef = 58A20A992DBB4CFE00680822 /* .swiftformat */; };
/* End PBXBuildFile section */

/* Begin PBXFileReference section */
		58A20A992DBB4CFE00680822 /* .swiftformat */ = {isa = PBXFileReference; lastKnownFileType = text; name = .swiftformat; path = ../.swiftformat; sourceTree = SOURCE_ROOT; };
		58A20A9A2DBB4CFE00680822 /* .swiftlint.yml */ = {isa = PBXFileReference; lastKnownFileType = text.yaml; name = .swiftlint.yml; path = ../.swiftlint.yml; sourceTree = SOURCE_ROOT; };
		58A20A9B2DBB4CFE00680822 /* README.md */ = {isa = PBXFileReference; lastKnownFileType = net.daringfireball.markdown; name = README.md; path = ../README.md; sourceTree = SOURCE_ROOT; };
		58A20A9F2DBB4E0800680822 /* FilmGo.app */ = {isa = PBXFileReference; explicitFileType = wrapper.application; includeInIndex = 0; path = FilmGo.app; sourceTree = BUILT_PRODUCTS_DIR; };
/* End PBXFileReference section */

/* Begin PBXFileSystemSynchronizedBuildFileExceptionSet section */
		58A209262DBB3C2400680822 /* Exceptions for "FilmGo" folder in "FilmGo" target */ = {
			isa = PBXFileSystemSynchronizedBuildFileExceptionSet;
			membershipExceptions = (
				App/Derived/Info.plist,
			);
			target = 58A208FA2DBB3C2300680822 /* FilmGo */;
		};
/* End PBXFileSystemSynchronizedBuildFileExceptionSet section */

/* Begin PBXFileSystemSynchronizedRootGroup section */
		58A208FD2DBB3C2300680822 /* FilmGo */ = {
			isa = PBXFileSystemSynchronizedRootGroup;
			exceptions = (
				58A209262DBB3C2400680822 /* Exceptions for "FilmGo" folder in "FilmGo" target */,
			);
			path = FilmGo;
			sourceTree = "<group>";
		};
/* End PBXFileSystemSynchronizedRootGroup section */

/* Begin PBXFrameworksBuildPhase section */
		58A208F82DBB3C2300680822 /* Frameworks */ = {
			isa = PBXFrameworksBuildPhase;
			buildActionMask = 2147483647;
			files = (
				58A20A902DBB4C8800680822 /* RxRelay in Frameworks */,
				58A20A8E2DBB4C8800680822 /* RxCocoa in Frameworks */,
				58A20A922DBB4C8800680822 /* RxSwift in Frameworks */,
				58A20A8B2DBB4C2300680822 /* SnapKit in Frameworks */,
			);
			runOnlyForDeploymentPostprocessing = 0;
		};
/* End PBXFrameworksBuildPhase section */

/* Begin PBXGroup section */
		58A208F22DBB3C2300680822 = {
			isa = PBXGroup;
			children = (
				58A208FD2DBB3C2300680822 /* FilmGo */,
				58A20A9B2DBB4CFE00680822 /* README.md */,
				58A20A992DBB4CFE00680822 /* .swiftformat */,
				58A20A9A2DBB4CFE00680822 /* .swiftlint.yml */,
				58A20A9F2DBB4E0800680822 /* FilmGo.app */,
			);
			sourceTree = "<group>";
		};
/* End PBXGroup section */

/* Begin PBXNativeTarget section */
		58A208FA2DBB3C2300680822 /* FilmGo */ = {
			isa = PBXNativeTarget;
			buildConfigurationList = 58A209272DBB3C2400680822 /* Build configuration list for PBXNativeTarget "FilmGo" */;
			buildPhases = (
				58A20A5B2DBB43A600680822 /* Swift Format */,
				58A20A5C2DBB43DF00680822 /* Swift Lint */,
				58A208F72DBB3C2300680822 /* Sources */,
				58A208F82DBB3C2300680822 /* Frameworks */,
				58A208F92DBB3C2300680822 /* Resources */,
			);
			buildRules = (
			);
			dependencies = (
			);
			fileSystemSynchronizedGroups = (
				58A208FD2DBB3C2300680822 /* FilmGo */,
			);
			name = FilmGo;
			packageProductDependencies = (
				58A20A8A2DBB4C2300680822 /* SnapKit */,
				58A20A8D2DBB4C8800680822 /* RxCocoa */,
				58A20A8F2DBB4C8800680822 /* RxRelay */,
				58A20A912DBB4C8800680822 /* RxSwift */,
			);
			productName = FilmGo;
			productReference = 58A20A9F2DBB4E0800680822 /* FilmGo.app */;
			productType = "com.apple.product-type.application";
		};
/* End PBXNativeTarget section */

/* Begin PBXProject section */
		58A208F32DBB3C2300680822 /* Project object */ = {
			isa = PBXProject;
			attributes = {
				BuildIndependentTargetsInParallel = 1;
				LastSwiftUpdateCheck = 1630;
				LastUpgradeCheck = 1630;
				TargetAttributes = {
					58A208FA2DBB3C2300680822 = {
						CreatedOnToolsVersion = 16.3;
					};
				};
			};
			buildConfigurationList = 58A208F62DBB3C2300680822 /* Build configuration list for PBXProject "FilmGo" */;
			developmentRegion = en;
			hasScannedForEncodings = 0;
			knownRegions = (
				en,
				Base,
			);
			mainGroup = 58A208F22DBB3C2300680822;
			minimizedProjectReferenceProxies = 1;
			packageReferences = (
				58A20A892DBB4C2300680822 /* XCRemoteSwiftPackageReference "SnapKit" */,
				58A20A8C2DBB4C8800680822 /* XCRemoteSwiftPackageReference "RxSwift" */,
			);
			preferredProjectObjectVersion = 77;
			productRefGroup = 58A208F22DBB3C2300680822;
			projectDirPath = "";
			projectRoot = "";
			targets = (
				58A208FA2DBB3C2300680822 /* FilmGo */,
			);
		};
/* End PBXProject section */

/* Begin PBXResourcesBuildPhase section */
		58A208F92DBB3C2300680822 /* Resources */ = {
			isa = PBXResourcesBuildPhase;
			buildActionMask = 2147483647;
			files = (
				58A20A9C2DBB4CFE00680822 /* .swiftlint.yml in Resources */,
				58A20A9D2DBB4CFE00680822 /* README.md in Resources */,
				58A20A9E2DBB4CFE00680822 /* .swiftformat in Resources */,
			);
			runOnlyForDeploymentPostprocessing = 0;
		};
/* End PBXResourcesBuildPhase section */

/* Begin PBXShellScriptBuildPhase section */
		58A20A5B2DBB43A600680822 /* Swift Format */ = {
			isa = PBXShellScriptBuildPhase;
			alwaysOutOfDate = 1;
			buildActionMask = 12;
			files = (
			);
			inputFileListPaths = (
			);
			inputPaths = (
			);
			name = "Swift Format";
			outputFileListPaths = (
			);
			outputPaths = (
			);
			runOnlyForDeploymentPostprocessing = 0;
			shellPath = /bin/sh;
			shellScript = "if [[ \"$(uname -m)\" == arm64 ]]; then\n    export PATH=\"/opt/homebrew/bin:$PATH\"\nfi\n\nCONFIG_PATH=\"../.swiftformat\"\necho $PATH\nif which swiftformat > /dev/null; then\n  if [ -f \"$CONFIG_PATH\" ]; then\n    swiftformat . --config \"$CONFIG_PATH\"\n  else\n    echo \"warning: SwiftFormat config file not found\"\n  fi\nelse\n  echo \"warning: SwiftFormat not installed\"\nfi\n";
			showEnvVarsInLog = 0;
		};
		58A20A5C2DBB43DF00680822 /* Swift Lint */ = {
			isa = PBXShellScriptBuildPhase;
			alwaysOutOfDate = 1;
			buildActionMask = 2147483647;
			files = (
			);
			inputFileListPaths = (
			);
			inputPaths = (
			);
			name = "Swift Lint";
			outputFileListPaths = (
			);
			outputPaths = (
			);
			runOnlyForDeploymentPostprocessing = 0;
			shellPath = /bin/sh;
			shellScript = "if [[ \"$(uname -m)\" == arm64 ]]; then\n    export PATH=\"/opt/homebrew/bin:$PATH\"\nfi\n\nCONFIG_PATH=\"../.swiftlint.yml\"\n\nif which swiftlint > /dev/null; then\n  if [ -f \"$CONFIG_PATH\" ]; then\n    swiftlint --config \"$CONFIG_PATH\"\n  else\n    echo \"warning: SwiftLint config file not found\"\n  fi\nelse\n  echo \"warning: SwiftLint not installed\"\nfi\n\n";
			showEnvVarsInLog = 0;
		};
/* End PBXShellScriptBuildPhase section */

/* Begin PBXSourcesBuildPhase section */
		58A208F72DBB3C2300680822 /* Sources */ = {
			isa = PBXSourcesBuildPhase;
			buildActionMask = 2147483647;
			files = (
			);
			runOnlyForDeploymentPostprocessing = 0;
		};
/* End PBXSourcesBuildPhase section */

/* Begin XCBuildConfiguration section */
		58A209282DBB3C2400680822 /* Debug */ = {
			isa = XCBuildConfiguration;
			buildSettings = {
				ASSETCATALOG_COMPILER_APPICON_NAME = AppIcon;
				ASSETCATALOG_COMPILER_GLOBAL_ACCENT_COLOR_NAME = AccentColor;
				CODE_SIGN_STYLE = Automatic;
				CURRENT_PROJECT_VERSION = 1;
				DEVELOPMENT_TEAM = "";
				GENERATE_INFOPLIST_FILE = YES;
				INFOPLIST_FILE = FilmGo/App/Derived/Info.plist;
				INFOPLIST_KEY_UIApplicationSupportsIndirectInputEvents = YES;
				INFOPLIST_KEY_UIMainStoryboardFile = "";
				INFOPLIST_KEY_UISupportedInterfaceOrientations_iPad = "UIInterfaceOrientationPortrait UIInterfaceOrientationPortraitUpsideDown UIInterfaceOrientationLandscapeLeft UIInterfaceOrientationLandscapeRight";
				INFOPLIST_KEY_UISupportedInterfaceOrientations_iPhone = "UIInterfaceOrientationPortrait UIInterfaceOrientationLandscapeLeft UIInterfaceOrientationLandscapeRight";
				LD_RUNPATH_SEARCH_PATHS = (
					"$(inherited)",
					"@executable_path/Frameworks",
				);
				MARKETING_VERSION = 1.0;
				PRODUCT_BUNDLE_IDENTIFIER = com.nbcamp.iswift.filmgo;
				PRODUCT_NAME = "$(TARGET_NAME)";
				SWIFT_EMIT_LOC_STRINGS = YES;
				SWIFT_VERSION = 5.0;
				TARGETED_DEVICE_FAMILY = "1,2";
			};
			name = Debug;
		};
		58A209292DBB3C2400680822 /* Release */ = {
			isa = XCBuildConfiguration;
			buildSettings = {
				ASSETCATALOG_COMPILER_APPICON_NAME = AppIcon;
				ASSETCATALOG_COMPILER_GLOBAL_ACCENT_COLOR_NAME = AccentColor;
				CODE_SIGN_STYLE = Automatic;
				CURRENT_PROJECT_VERSION = 1;
				DEVELOPMENT_TEAM = "";
				GENERATE_INFOPLIST_FILE = YES;
				INFOPLIST_FILE = FilmGo/App/Derived/Info.plist;
				INFOPLIST_KEY_UIApplicationSupportsIndirectInputEvents = YES;
				INFOPLIST_KEY_UIMainStoryboardFile = "";
				INFOPLIST_KEY_UISupportedInterfaceOrientations_iPad = "UIInterfaceOrientationPortrait UIInterfaceOrientationPortraitUpsideDown UIInterfaceOrientationLandscapeLeft UIInterfaceOrientationLandscapeRight";
				INFOPLIST_KEY_UISupportedInterfaceOrientations_iPhone = "UIInterfaceOrientationPortrait UIInterfaceOrientationLandscapeLeft UIInterfaceOrientationLandscapeRight";
				LD_RUNPATH_SEARCH_PATHS = (
					"$(inherited)",
					"@executable_path/Frameworks",
				);
				MARKETING_VERSION = 1.0;
				PRODUCT_BUNDLE_IDENTIFIER = com.nbcamp.iswift.filmgo;
				PRODUCT_NAME = "$(TARGET_NAME)";
				SWIFT_EMIT_LOC_STRINGS = YES;
				SWIFT_VERSION = 5.0;
				TARGETED_DEVICE_FAMILY = "1,2";
			};
			name = Release;
		};
		58A2092A2DBB3C2400680822 /* Debug */ = {
			isa = XCBuildConfiguration;
			baseConfigurationReferenceAnchor = 58A208FD2DBB3C2300680822 /* FilmGo */;
			baseConfigurationReferenceRelativePath = App/Resource/Config.xcconfig;
			buildSettings = {
				ALWAYS_SEARCH_USER_PATHS = NO;
				ASSETCATALOG_COMPILER_GENERATE_SWIFT_ASSET_SYMBOL_EXTENSIONS = YES;
				CLANG_ANALYZER_NONNULL = YES;
				CLANG_ANALYZER_NUMBER_OBJECT_CONVERSION = YES_AGGRESSIVE;
				CLANG_CXX_LANGUAGE_STANDARD = "gnu++20";
				CLANG_ENABLE_MODULES = YES;
				CLANG_ENABLE_OBJC_ARC = YES;
				CLANG_ENABLE_OBJC_WEAK = YES;
				CLANG_WARN_BLOCK_CAPTURE_AUTORELEASING = YES;
				CLANG_WARN_BOOL_CONVERSION = YES;
				CLANG_WARN_COMMA = YES;
				CLANG_WARN_CONSTANT_CONVERSION = YES;
				CLANG_WARN_DEPRECATED_OBJC_IMPLEMENTATIONS = YES;
				CLANG_WARN_DIRECT_OBJC_ISA_USAGE = YES_ERROR;
				CLANG_WARN_DOCUMENTATION_COMMENTS = YES;
				CLANG_WARN_EMPTY_BODY = YES;
				CLANG_WARN_ENUM_CONVERSION = YES;
				CLANG_WARN_INFINITE_RECURSION = YES;
				CLANG_WARN_INT_CONVERSION = YES;
				CLANG_WARN_NON_LITERAL_NULL_CONVERSION = YES;
				CLANG_WARN_OBJC_IMPLICIT_RETAIN_SELF = YES;
				CLANG_WARN_OBJC_LITERAL_CONVERSION = YES;
				CLANG_WARN_OBJC_ROOT_CLASS = YES_ERROR;
				CLANG_WARN_QUOTED_INCLUDE_IN_FRAMEWORK_HEADER = YES;
				CLANG_WARN_RANGE_LOOP_ANALYSIS = YES;
				CLANG_WARN_STRICT_PROTOTYPES = YES;
				CLANG_WARN_SUSPICIOUS_MOVE = YES;
				CLANG_WARN_UNGUARDED_AVAILABILITY = YES_AGGRESSIVE;
				CLANG_WARN_UNREACHABLE_CODE = YES;
				CLANG_WARN__DUPLICATE_METHOD_MATCH = YES;
				COPY_PHASE_STRIP = NO;
				DEBUG_INFORMATION_FORMAT = dwarf;
				DEVELOPMENT_TEAM = U8JNJV53KQ;
				ENABLE_STRICT_OBJC_MSGSEND = YES;
				ENABLE_TESTABILITY = YES;
				ENABLE_USER_SCRIPT_SANDBOXING = NO;
				GCC_C_LANGUAGE_STANDARD = gnu17;
				GCC_DYNAMIC_NO_PIC = NO;
				GCC_NO_COMMON_BLOCKS = YES;
				GCC_OPTIMIZATION_LEVEL = 0;
				GCC_PREPROCESSOR_DEFINITIONS = (
					"DEBUG=1",
					"$(inherited)",
				);
				GCC_WARN_64_TO_32_BIT_CONVERSION = YES;
				GCC_WARN_ABOUT_RETURN_TYPE = YES_ERROR;
				GCC_WARN_UNDECLARED_SELECTOR = YES;
				GCC_WARN_UNINITIALIZED_AUTOS = YES_AGGRESSIVE;
				GCC_WARN_UNUSED_FUNCTION = YES;
				GCC_WARN_UNUSED_VARIABLE = YES;
				IPHONEOS_DEPLOYMENT_TARGET = 16.6;
				LOCALIZATION_PREFERS_STRING_CATALOGS = YES;
				MTL_ENABLE_DEBUG_INFO = INCLUDE_SOURCE;
				MTL_FAST_MATH = YES;
				ONLY_ACTIVE_ARCH = YES;
				SDKROOT = iphoneos;
				SWIFT_ACTIVE_COMPILATION_CONDITIONS = "DEBUG $(inherited)";
				SWIFT_OPTIMIZATION_LEVEL = "-Onone";
			};
			name = Debug;
		};
		58A2092B2DBB3C2400680822 /* Release */ = {
			isa = XCBuildConfiguration;
			buildSettings = {
				ALWAYS_SEARCH_USER_PATHS = NO;
				ASSETCATALOG_COMPILER_GENERATE_SWIFT_ASSET_SYMBOL_EXTENSIONS = YES;
				CLANG_ANALYZER_NONNULL = YES;
				CLANG_ANALYZER_NUMBER_OBJECT_CONVERSION = YES_AGGRESSIVE;
				CLANG_CXX_LANGUAGE_STANDARD = "gnu++20";
				CLANG_ENABLE_MODULES = YES;
				CLANG_ENABLE_OBJC_ARC = YES;
				CLANG_ENABLE_OBJC_WEAK = YES;
				CLANG_WARN_BLOCK_CAPTURE_AUTORELEASING = YES;
				CLANG_WARN_BOOL_CONVERSION = YES;
				CLANG_WARN_COMMA = YES;
				CLANG_WARN_CONSTANT_CONVERSION = YES;
				CLANG_WARN_DEPRECATED_OBJC_IMPLEMENTATIONS = YES;
				CLANG_WARN_DIRECT_OBJC_ISA_USAGE = YES_ERROR;
				CLANG_WARN_DOCUMENTATION_COMMENTS = YES;
				CLANG_WARN_EMPTY_BODY = YES;
				CLANG_WARN_ENUM_CONVERSION = YES;
				CLANG_WARN_INFINITE_RECURSION = YES;
				CLANG_WARN_INT_CONVERSION = YES;
				CLANG_WARN_NON_LITERAL_NULL_CONVERSION = YES;
				CLANG_WARN_OBJC_IMPLICIT_RETAIN_SELF = YES;
				CLANG_WARN_OBJC_LITERAL_CONVERSION = YES;
				CLANG_WARN_OBJC_ROOT_CLASS = YES_ERROR;
				CLANG_WARN_QUOTED_INCLUDE_IN_FRAMEWORK_HEADER = YES;
				CLANG_WARN_RANGE_LOOP_ANALYSIS = YES;
				CLANG_WARN_STRICT_PROTOTYPES = YES;
				CLANG_WARN_SUSPICIOUS_MOVE = YES;
				CLANG_WARN_UNGUARDED_AVAILABILITY = YES_AGGRESSIVE;
				CLANG_WARN_UNREACHABLE_CODE = YES;
				CLANG_WARN__DUPLICATE_METHOD_MATCH = YES;
				COPY_PHASE_STRIP = NO;
				DEBUG_INFORMATION_FORMAT = "dwarf-with-dsym";
				DEVELOPMENT_TEAM = U8JNJV53KQ;
				ENABLE_NS_ASSERTIONS = NO;
				ENABLE_STRICT_OBJC_MSGSEND = YES;
				ENABLE_USER_SCRIPT_SANDBOXING = NO;
				GCC_C_LANGUAGE_STANDARD = gnu17;
				GCC_NO_COMMON_BLOCKS = YES;
				GCC_WARN_64_TO_32_BIT_CONVERSION = YES;
				GCC_WARN_ABOUT_RETURN_TYPE = YES_ERROR;
				GCC_WARN_UNDECLARED_SELECTOR = YES;
				GCC_WARN_UNINITIALIZED_AUTOS = YES_AGGRESSIVE;
				GCC_WARN_UNUSED_FUNCTION = YES;
				GCC_WARN_UNUSED_VARIABLE = YES;
				IPHONEOS_DEPLOYMENT_TARGET = 16.6;
				LOCALIZATION_PREFERS_STRING_CATALOGS = YES;
				MTL_ENABLE_DEBUG_INFO = NO;
				MTL_FAST_MATH = YES;
				SDKROOT = iphoneos;
				SWIFT_COMPILATION_MODE = wholemodule;
				VALIDATE_PRODUCT = YES;
			};
			name = Release;
		};
/* End XCBuildConfiguration section */

/* Begin XCConfigurationList section */
		58A208F62DBB3C2300680822 /* Build configuration list for PBXProject "FilmGo" */ = {
			isa = XCConfigurationList;
			buildConfigurations = (
				58A2092A2DBB3C2400680822 /* Debug */,
				58A2092B2DBB3C2400680822 /* Release */,
			);
			defaultConfigurationIsVisible = 0;
			defaultConfigurationName = Release;
		};
		58A209272DBB3C2400680822 /* Build configuration list for PBXNativeTarget "FilmGo" */ = {
			isa = XCConfigurationList;
			buildConfigurations = (
				58A209282DBB3C2400680822 /* Debug */,
				58A209292DBB3C2400680822 /* Release */,
			);
			defaultConfigurationIsVisible = 0;
			defaultConfigurationName = Release;
		};
/* End XCConfigurationList section */

/* Begin XCRemoteSwiftPackageReference section */
		58A20A892DBB4C2300680822 /* XCRemoteSwiftPackageReference "SnapKit" */ = {
			isa = XCRemoteSwiftPackageReference;
			repositoryURL = "https://github.com/SnapKit/SnapKit.git";
			requirement = {
				kind = exactVersion;
				version = 5.7.1;
			};
		};
		58A20A8C2DBB4C8800680822 /* XCRemoteSwiftPackageReference "RxSwift" */ = {
			isa = XCRemoteSwiftPackageReference;
			repositoryURL = "https://github.com/ReactiveX/RxSwift.git";
			requirement = {
				kind = exactVersion;
				version = 6.9.0;
			};
		};
/* End XCRemoteSwiftPackageReference section */

/* Begin XCSwiftPackageProductDependency section */
		58A20A8A2DBB4C2300680822 /* SnapKit */ = {
			isa = XCSwiftPackageProductDependency;
			package = 58A20A892DBB4C2300680822 /* XCRemoteSwiftPackageReference "SnapKit" */;
			productName = SnapKit;
		};
		58A20A8D2DBB4C8800680822 /* RxCocoa */ = {
			isa = XCSwiftPackageProductDependency;
			package = 58A20A8C2DBB4C8800680822 /* XCRemoteSwiftPackageReference "RxSwift" */;
			productName = RxCocoa;
		};
		58A20A8F2DBB4C8800680822 /* RxRelay */ = {
			isa = XCSwiftPackageProductDependency;
			package = 58A20A8C2DBB4C8800680822 /* XCRemoteSwiftPackageReference "RxSwift" */;
			productName = RxRelay;
		};
		58A20A912DBB4C8800680822 /* RxSwift */ = {
			isa = XCSwiftPackageProductDependency;
			package = 58A20A8C2DBB4C8800680822 /* XCRemoteSwiftPackageReference "RxSwift" */;
			productName = RxSwift;
		};
/* End XCSwiftPackageProductDependency section */
	};
	rootObject = 58A208F32DBB3C2300680822 /* Project object */;
}
